<Solution>

  <Folder Name="/src/">
    <Project Path="src/OpenCaptive.Api/OpenCaptive.Api.csproj" />
    <Project Path="src/OpenCaptive.Application/OpenCaptive.Application.csproj" />
    <Project Path="src/OpenCaptive.Domain/OpenCaptive.Domain.csproj" />
    <Project Path="src/OpenCaptive.Infrastructure/OpenCaptive.Infrastructure.csproj" />
  </Folder>

  <Folder Name="/src/Integrations/">
    <Project Path="src/OpenCaptive.Integrations.Abstractions/OpenCaptive.Integrations.Abstractions.csproj" />
    <Project Path="src/OpenCaptive.Integrations.UniFi/OpenCaptive.Integrations.UniFi.csproj" />
  </Folder>

  <Folder Name="/tests/">
    <!-- <Project Path="tests/OpenCaptive.UnitTests/OpenCaptive.UnitTests.csproj" /> -->
    <!-- <Project Path="tests/OpenCaptive.IntegrationTests/OpenCaptive.IntegrationTests.csproj" /> -->
  </Folder>
  
</Solution>